
Microsoft Visual Studio Solution File, Format Version 12.00
Project("{FAE04EC0-301F-11D3-BF4B-00C04F79EFBC}") = "BookSale", "BookSale\BookSale.csproj", "{E72D6296-987E-4B0F-99AD-52812F7F10E6}"
EndProject
Global
	GlobalSection(SolutionConfigurationPlatforms) = preSolution
		Debug|Any CPU = Debug|Any CPU
		Release|Any CPU = Release|Any CPU
	EndGlobalSection
	GlobalSection(ProjectConfigurationPlatforms) = postSolution
		{E72D6296-987E-4B0F-99AD-52812F7F10E6}.Debug|Any CPU.ActiveCfg = Debug|Any CPU
		{E72D6296-987E-4B0F-99AD-52812F7F10E6}.Debug|Any CPU.Build.0 = Debug|Any CPU
		{E72D6296-987E-4B0F-99AD-52812F7F10E6}.Release|Any CPU.ActiveCfg = Release|Any CPU
		{E72D6296-987E-4B0F-99AD-52812F7F10E6}.Release|Any CPU.Build.0 = Release|Any CPU
	EndGlobalSection
EndGlobal
